
Microsoft Visual Studio Solution File, Format Version 12.00
# Visual Studio Version 17
VisualStudioVersion = 17.2.32314.265
MinimumVisualStudioVersion = 10.0.40219.1
Project("{FAE04EC0-301F-11D3-BF4B-00C04F79EFBC}") = "AsyncAndMultiThreadNotes", "AsyncAndMultiThreadNotes\AsyncAndMultiThreadNotes.csproj", "{575F5146-83A0-4AD7-AD22-423FDB995E59}"
EndProject
Global
	GlobalSection(SolutionConfigurationPlatforms) = preSolution
		Debug|Any CPU = Debug|Any CPU
		Release|Any CPU = Release|Any CPU
	EndGlobalSection
	GlobalSection(ProjectConfigurationPlatforms) = postSolution
		{575F5146-83A0-4AD7-AD22-423FDB995E59}.Debug|Any CPU.ActiveCfg = Debug|Any CPU
		{575F5146-83A0-4AD7-AD22-423FDB995E59}.Debug|Any CPU.Build.0 = Debug|Any CPU
		{575F5146-83A0-4AD7-AD22-423FDB995E59}.Release|Any CPU.ActiveCfg = Release|Any CPU
		{575F5146-83A0-4AD7-AD22-423FDB995E59}.Release|Any CPU.Build.0 = Release|Any CPU
	EndGlobalSection
	GlobalSection(SolutionProperties) = preSolution
		HideSolutionNode = FALSE
	EndGlobalSection
	GlobalSection(ExtensibilityGlobals) = postSolution
		SolutionGuid = {A68B56F5-2271-4DD0-81A3-8165D6B7D4E8}
	EndGlobalSection
EndGlobal
